
Microsoft Visual Studio Solution File, Format Version 12.00
# Visual Studio 14
VisualStudioVersion = 14.0.23107.0
MinimumVisualStudioVersion = 10.0.40219.1
Project("{2150E333-8FDC-42A3-9474-1A3956D46DE8}") = "src", "src", "{22CF8BA1-0ECC-4D96-8881-025969F795C0}"
EndProject
Project("{2150E333-8FDC-42A3-9474-1A3956D46DE8}") = "Solution Items", "Solution Items", "{2FA3BF35-71C0-4968-99CA-20E70927183A}"
	ProjectSection(SolutionItems) = preProject
		global.json = global.json
	EndProjectSection
EndProject
Project("{8BB2217D-0F2D-49D1-97BC-3654ED321F3B}") = "ASP 1", "src\ASP 1\ASP 1.xproj", "{03EFAC7D-A0F7-445E-9C3F-340FACBDB2A2}"
EndProject
Global
	GlobalSection(SolutionConfigurationPlatforms) = preSolution
		Debug|Any CPU = Debug|Any CPU
		Release|Any CPU = Release|Any CPU
	EndGlobalSection
	GlobalSection(ProjectConfigurationPlatforms) = postSolution
		{03EFAC7D-A0F7-445E-9C3F-340FACBDB2A2}.Debug|Any CPU.ActiveCfg = Debug|Any CPU
		{03EFAC7D-A0F7-445E-9C3F-340FACBDB2A2}.Debug|Any CPU.Build.0 = Debug|Any CPU
		{03EFAC7D-A0F7-445E-9C3F-340FACBDB2A2}.Release|Any CPU.ActiveCfg = Release|Any CPU
		{03EFAC7D-A0F7-445E-9C3F-340FACBDB2A2}.Release|Any CPU.Build.0 = Release|Any CPU
	EndGlobalSection
	GlobalSection(SolutionProperties) = preSolution
		HideSolutionNode = FALSE
	EndGlobalSection
	GlobalSection(NestedProjects) = preSolution
		{03EFAC7D-A0F7-445E-9C3F-340FACBDB2A2} = {22CF8BA1-0ECC-4D96-8881-025969F795C0}
	EndGlobalSection
EndGlobal
